
Microsoft Visual Studio Solution File, Format Version 12.00
# Visual Studio Version 17
VisualStudioVersion = 17.3.32811.315
MinimumVisualStudioVersion = 10.0.40219.1
Project("{2150E333-8FDC-42A3-9474-1A3956D46DE8}") = "Solution Items", "Solution Items", "{DC861D2F-D857-4C79-8A16-9D1574361014}"
	ProjectSection(SolutionItems) = preProject
		.editorconfig = .editorconfig
		Directory.Build.props = Directory.Build.props
		README.md = README.md
		src\version.json = src\version.json
	EndProjectSection
EndProject
Project("{2150E333-8FDC-42A3-9474-1A3956D46DE8}") = "src", "src", "{02EA681E-C7D8-13C7-8484-4AC65E1B71E8}"
EndProject
Project("{2150E333-8FDC-42A3-9474-1A3956D46DE8}") = "test", "test", "{DDE87626-F40F-4536-9DC8-CCB39D8A5E49}"
EndProject
Project("{FAE04EC0-301F-11D3-BF4B-00C04F79EFBC}") = "CommonTK", "src\CommonTK\CommonTK.csproj", "{6EC0DC76-4C8E-736A-4A52-7304FB8438F7}"
EndProject
Project("{FAE04EC0-301F-11D3-BF4B-00C04F79EFBC}") = "CommonTK.Tests", "test\CommonTK.Tests\CommonTK.Tests.csproj", "{4BDCEF22-32B4-C3A9-F2D2-0EBA97CC166E}"
EndProject
Global
	GlobalSection(SolutionConfigurationPlatforms) = preSolution
		Debug|Any CPU = Debug|Any CPU
		Release|Any CPU = Release|Any CPU
	EndGlobalSection
	GlobalSection(ProjectConfigurationPlatforms) = postSolution
		{6EC0DC76-4C8E-736A-4A52-7304FB8438F7}.Debug|Any CPU.ActiveCfg = Debug|Any CPU
		{6EC0DC76-4C8E-736A-4A52-7304FB8438F7}.Debug|Any CPU.Build.0 = Debug|Any CPU
		{6EC0DC76-4C8E-736A-4A52-7304FB8438F7}.Release|Any CPU.ActiveCfg = Release|Any CPU
		{6EC0DC76-4C8E-736A-4A52-7304FB8438F7}.Release|Any CPU.Build.0 = Release|Any CPU
		{4BDCEF22-32B4-C3A9-F2D2-0EBA97CC166E}.Debug|Any CPU.ActiveCfg = Debug|Any CPU
		{4BDCEF22-32B4-C3A9-F2D2-0EBA97CC166E}.Debug|Any CPU.Build.0 = Debug|Any CPU
		{4BDCEF22-32B4-C3A9-F2D2-0EBA97CC166E}.Release|Any CPU.ActiveCfg = Release|Any CPU
		{4BDCEF22-32B4-C3A9-F2D2-0EBA97CC166E}.Release|Any CPU.Build.0 = Release|Any CPU
	EndGlobalSection
	GlobalSection(SolutionProperties) = preSolution
		HideSolutionNode = FALSE
	EndGlobalSection
	GlobalSection(NestedProjects) = preSolution
		{6EC0DC76-4C8E-736A-4A52-7304FB8438F7} = {02EA681E-C7D8-13C7-8484-4AC65E1B71E8}
		{4BDCEF22-32B4-C3A9-F2D2-0EBA97CC166E} = {DDE87626-F40F-4536-9DC8-CCB39D8A5E49}
	EndGlobalSection
	GlobalSection(ExtensibilityGlobals) = postSolution
		SolutionGuid = {AB3F8621-060F-40B8-8CBD-EEF1270251AC}
	EndGlobalSection
EndGlobal
